# THIS IS AN AUTOGENERATED FILE. DO NOT EDIT THIS FILE DIRECTLY.
# yarn lockfile v1


"@polymer/lit-element@^0.6.1":
  version "0.6.1"
  resolved "https://registry.yarnpkg.com/@polymer/lit-element/-/lit-element-0.6.1.tgz#56772f8fb0c6d3d73a20a6d17f3bc82ec648664b"
  integrity sha512-eselNs2lA4n1R1rSyPXW8XR3ISmbYVQcDtIMSINHVNZ56pCtCHOtgmaG8C4k0gONwikEMJTP9blNHD/gdYIxFA==
  dependencies:
    lit-html "^0.11.4"

lit-html@^0.11.4:
  version "0.11.4"
  resolved "https://registry.yarnpkg.com/lit-html/-/lit-html-0.11.4.tgz#fa397d2b2f2d0523ebc136e5a1699aa4e9346152"
  integrity sha512-yfJUxQrRjhYo4cdz3Db9YlkHs9v+rTZA4fvE/dqCOrA1Q2Bmx52X2OtEgGQ+JhyCb6ddDTndLijZjsSoQ44G7Q==
